
Microsoft Visual Studio Solution File, Format Version 12.00
# Visual Studio 15
VisualStudioVersion = 15.0.33026.149
MinimumVisualStudioVersion = 10.0.40219.1
Project("{9A19103F-16F7-4668-BE54-9A1E7A4F7556}") = "STExS", "STExS.csproj", "{BF564C58-8E01-4878-AF0B-70F125AB6B91}"
EndProject
Global
	GlobalSection(SolutionConfigurationPlatforms) = preSolution
		Debug|Any CPU = Debug|Any CPU
		Release|Any CPU = Release|Any CPU
	EndGlobalSection
	GlobalSection(ProjectConfigurationPlatforms) = postSolution
		{BF564C58-8E01-4878-AF0B-70F125AB6B91}.Debug|Any CPU.ActiveCfg = Debug|Any CPU
		{BF564C58-8E01-4878-AF0B-70F125AB6B91}.Debug|Any CPU.Build.0 = Debug|Any CPU
		{BF564C58-8E01-4878-AF0B-70F125AB6B91}.Release|Any CPU.ActiveCfg = Release|Any CPU
		{BF564C58-8E01-4878-AF0B-70F125AB6B91}.Release|Any CPU.Build.0 = Release|Any CPU
	EndGlobalSection
	GlobalSection(SolutionProperties) = preSolution
		HideSolutionNode = FALSE
	EndGlobalSection
	GlobalSection(ExtensibilityGlobals) = postSolution
		SolutionGuid = {2E41066E-754A-4EA8-8204-0BB5E87FDF51}
	EndGlobalSection
EndGlobal
