
Microsoft Visual Studio Solution File, Format Version 12.00
Project("{FAE04EC0-301F-11D3-BF4B-00C04F79EFBC}") = "STExS.Web", "STExS.Web\STExS.Web.csproj", "{92E80CF4-DEA0-444F-BF74-9A36BA09895E}"
EndProject
Project("{FAE04EC0-301F-11D3-BF4B-00C04F79EFBC}") = "Application", "Application\Application.csproj", "{254D2940-0BE3-47B0-86BE-605F7F61827A}"
EndProject
Project("{FAE04EC0-301F-11D3-BF4B-00C04F79EFBC}") = "Repositories", "Repositories\Repositories.csproj", "{24917B9E-8A2A-4A3B-9EA4-58EE0DEE3FBD}"
EndProject
Project("{FAE04EC0-301F-11D3-BF4B-00C04F79EFBC}") = "Common", "Common\Common.csproj", "{262F487E-7EAC-468C-9C11-2D69F093C721}"
EndProject
Project("{FAE04EC0-301F-11D3-BF4B-00C04F79EFBC}") = "TestHelper", "TestHelper\TestHelper.csproj", "{0E455EC3-D417-4FC1-A5A0-F2AF5B1C1541}"
EndProject
Project("{FAE04EC0-301F-11D3-BF4B-00C04F79EFBC}") = "STExS.Web.IntegrationTests", "STExS.Web.IntegrationTests\STExS.Web.IntegrationTests.csproj", "{87DAA90E-CCC0-4878-A8A8-6E5985DC445B}"
EndProject
Project("{FAE04EC0-301F-11D3-BF4B-00C04F79EFBC}") = "Repositories.Tests", "Repositories.Tests\Repositories.Tests.csproj", "{D2808C15-ADC6-4353-8670-E672D9BD04C3}"
EndProject
Global
	GlobalSection(SolutionConfigurationPlatforms) = preSolution
		Debug|Any CPU = Debug|Any CPU
		Release|Any CPU = Release|Any CPU
	EndGlobalSection
	GlobalSection(ProjectConfigurationPlatforms) = postSolution
		{92E80CF4-DEA0-444F-BF74-9A36BA09895E}.Debug|Any CPU.ActiveCfg = Debug|Any CPU
		{92E80CF4-DEA0-444F-BF74-9A36BA09895E}.Debug|Any CPU.Build.0 = Debug|Any CPU
		{92E80CF4-DEA0-444F-BF74-9A36BA09895E}.Release|Any CPU.ActiveCfg = Release|Any CPU
		{92E80CF4-DEA0-444F-BF74-9A36BA09895E}.Release|Any CPU.Build.0 = Release|Any CPU
		{254D2940-0BE3-47B0-86BE-605F7F61827A}.Debug|Any CPU.ActiveCfg = Debug|Any CPU
		{254D2940-0BE3-47B0-86BE-605F7F61827A}.Debug|Any CPU.Build.0 = Debug|Any CPU
		{254D2940-0BE3-47B0-86BE-605F7F61827A}.Release|Any CPU.ActiveCfg = Release|Any CPU
		{254D2940-0BE3-47B0-86BE-605F7F61827A}.Release|Any CPU.Build.0 = Release|Any CPU
		{24917B9E-8A2A-4A3B-9EA4-58EE0DEE3FBD}.Debug|Any CPU.ActiveCfg = Debug|Any CPU
		{24917B9E-8A2A-4A3B-9EA4-58EE0DEE3FBD}.Debug|Any CPU.Build.0 = Debug|Any CPU
		{24917B9E-8A2A-4A3B-9EA4-58EE0DEE3FBD}.Release|Any CPU.ActiveCfg = Release|Any CPU
		{24917B9E-8A2A-4A3B-9EA4-58EE0DEE3FBD}.Release|Any CPU.Build.0 = Release|Any CPU
		{262F487E-7EAC-468C-9C11-2D69F093C721}.Debug|Any CPU.ActiveCfg = Debug|Any CPU
		{262F487E-7EAC-468C-9C11-2D69F093C721}.Debug|Any CPU.Build.0 = Debug|Any CPU
		{262F487E-7EAC-468C-9C11-2D69F093C721}.Release|Any CPU.ActiveCfg = Release|Any CPU
		{262F487E-7EAC-468C-9C11-2D69F093C721}.Release|Any CPU.Build.0 = Release|Any CPU
		{0E455EC3-D417-4FC1-A5A0-F2AF5B1C1541}.Debug|Any CPU.ActiveCfg = Debug|Any CPU
		{0E455EC3-D417-4FC1-A5A0-F2AF5B1C1541}.Debug|Any CPU.Build.0 = Debug|Any CPU
		{0E455EC3-D417-4FC1-A5A0-F2AF5B1C1541}.Release|Any CPU.ActiveCfg = Release|Any CPU
		{0E455EC3-D417-4FC1-A5A0-F2AF5B1C1541}.Release|Any CPU.Build.0 = Release|Any CPU
		{87DAA90E-CCC0-4878-A8A8-6E5985DC445B}.Debug|Any CPU.ActiveCfg = Debug|Any CPU
		{87DAA90E-CCC0-4878-A8A8-6E5985DC445B}.Debug|Any CPU.Build.0 = Debug|Any CPU
		{87DAA90E-CCC0-4878-A8A8-6E5985DC445B}.Release|Any CPU.ActiveCfg = Release|Any CPU
		{87DAA90E-CCC0-4878-A8A8-6E5985DC445B}.Release|Any CPU.Build.0 = Release|Any CPU
		{D2808C15-ADC6-4353-8670-E672D9BD04C3}.Debug|Any CPU.ActiveCfg = Debug|Any CPU
		{D2808C15-ADC6-4353-8670-E672D9BD04C3}.Debug|Any CPU.Build.0 = Debug|Any CPU
		{D2808C15-ADC6-4353-8670-E672D9BD04C3}.Release|Any CPU.ActiveCfg = Release|Any CPU
		{D2808C15-ADC6-4353-8670-E672D9BD04C3}.Release|Any CPU.Build.0 = Release|Any CPU
	EndGlobalSection
EndGlobal
